
Microsoft Visual Studio Solution File, Format Version 12.00
# Visual Studio Version 17
VisualStudioVersion = 17.11.35222.181
MinimumVisualStudioVersion = 10.0.40219.1
Project("{FAE04EC0-301F-11D3-BF4B-00C04F79EFBC}") = "task_13", "task_13.csproj", "{60F76059-5FAA-43FD-8CBE-4D99F1096EF5}"
EndProject
Global
	GlobalSection(SolutionConfigurationPlatforms) = preSolution
		Debug|Any CPU = Debug|Any CPU
		Release|Any CPU = Release|Any CPU
	EndGlobalSection
	GlobalSection(ProjectConfigurationPlatforms) = postSolution
		{60F76059-5FAA-43FD-8CBE-4D99F1096EF5}.Debug|Any CPU.ActiveCfg = Debug|Any CPU
		{60F76059-5FAA-43FD-8CBE-4D99F1096EF5}.Debug|Any CPU.Build.0 = Debug|Any CPU
		{60F76059-5FAA-43FD-8CBE-4D99F1096EF5}.Release|Any CPU.ActiveCfg = Release|Any CPU
		{60F76059-5FAA-43FD-8CBE-4D99F1096EF5}.Release|Any CPU.Build.0 = Release|Any CPU
	EndGlobalSection
	GlobalSection(SolutionProperties) = preSolution
		HideSolutionNode = FALSE
	EndGlobalSection
	GlobalSection(ExtensibilityGlobals) = postSolution
		SolutionGuid = {69FEC95C-E5F8-4968-BFCB-BC322AD55014}
	EndGlobalSection
EndGlobal
