
Microsoft Visual Studio Solution File, Format Version 12.00
# Visual Studio Version 17
VisualStudioVersion = 17.11.35222.181
MinimumVisualStudioVersion = 10.0.40219.1
Project("{FAE04EC0-301F-11D3-BF4B-00C04F79EFBC}") = "task10_4", "task10_4.csproj", "{4DF13C35-4B0F-4F96-BB47-C9EAB6367D9C}"
EndProject
Global
	GlobalSection(SolutionConfigurationPlatforms) = preSolution
		Debug|Any CPU = Debug|Any CPU
		Release|Any CPU = Release|Any CPU
	EndGlobalSection
	GlobalSection(ProjectConfigurationPlatforms) = postSolution
		{4DF13C35-4B0F-4F96-BB47-C9EAB6367D9C}.Debug|Any CPU.ActiveCfg = Debug|Any CPU
		{4DF13C35-4B0F-4F96-BB47-C9EAB6367D9C}.Debug|Any CPU.Build.0 = Debug|Any CPU
		{4DF13C35-4B0F-4F96-BB47-C9EAB6367D9C}.Release|Any CPU.ActiveCfg = Release|Any CPU
		{4DF13C35-4B0F-4F96-BB47-C9EAB6367D9C}.Release|Any CPU.Build.0 = Release|Any CPU
	EndGlobalSection
	GlobalSection(SolutionProperties) = preSolution
		HideSolutionNode = FALSE
	EndGlobalSection
	GlobalSection(ExtensibilityGlobals) = postSolution
		SolutionGuid = {65C1F52E-B1E2-4203-8558-614D62CE7A56}
	EndGlobalSection
EndGlobal
